
Microsoft Visual Studio Solution File, Format Version 12.00
# Visual Studio Version 16
VisualStudioVersion = 16.0.29230.47
MinimumVisualStudioVersion = 10.0.40219.1
Project("{8BC9CEB8-8B4A-11D0-8D11-00A0C91BC942}") = "problem19814", "problem19814\problem19814.vcxproj", "{CEE71621-0C7D-4BE1-AFE6-897CDE7142FC}"
EndProject
Project("{8BC9CEB8-8B4A-11D0-8D11-00A0C91BC942}") = "problem18992", "problem18992\problem18992.vcxproj", "{E87A3C27-0322-49C0-8C94-DCB4DEA398C9}"
EndProject
Project("{8BC9CEB8-8B4A-11D0-8D11-00A0C91BC942}") = "problem16407", "problem16407\problem16407.vcxproj", "{27B9E739-9F60-4E73-81F9-40BB5F43D5E4}"
EndProject
Project("{8BC9CEB8-8B4A-11D0-8D11-00A0C91BC942}") = "problem14974", "problem14974\problem14974.vcxproj", "{2AFDCD8A-F151-4FCA-8A4A-8E27849C6194}"
EndProject
Project("{8BC9CEB8-8B4A-11D0-8D11-00A0C91BC942}") = "problem14291", "problem14291\problem14291.vcxproj", "{8BC9F298-5225-4992-B3FF-AEDC75126349}"
EndProject
Project("{8BC9CEB8-8B4A-11D0-8D11-00A0C91BC942}") = "problem14310", "problem14310\problem14310.vcxproj", "{01DF2413-C658-4C24-BE08-431209548615}"
EndProject
Project("{8BC9CEB8-8B4A-11D0-8D11-00A0C91BC942}") = "LCS", "LCS\LCS.vcxproj", "{8524CB9B-AB55-48D1-8D25-8A70AD862F64}"
EndProject
Project("{8BC9CEB8-8B4A-11D0-8D11-00A0C91BC942}") = "problem14585", "problem14585\problem14585.vcxproj", "{16B819C2-ECEF-471C-96E2-C20252154B37}"
EndProject
Project("{8BC9CEB8-8B4A-11D0-8D11-00A0C91BC942}") = "problem14320", "problem14320\problem14320.vcxproj", "{D2F5CAA2-0D9E-47EF-B073-C8A29AFCC26D}"
EndProject
Project("{8BC9CEB8-8B4A-11D0-8D11-00A0C91BC942}") = "problem14835", "problem14835\problem14835.vcxproj", "{07385913-F4C9-4992-922E-6D24FE0CA06B}"
EndProject
Project("{8BC9CEB8-8B4A-11D0-8D11-00A0C91BC942}") = "problem14703", "problem14703\problem14703.vcxproj", "{E80385EC-673B-4553-B392-04D65FAAA975}"
EndProject
Project("{8BC9CEB8-8B4A-11D0-8D11-00A0C91BC942}") = "problem14356", "problem14356\problem14356.vcxproj", "{A9404941-84B1-4F00-9C71-4063E67A30D2}"
EndProject
Project("{8BC9CEB8-8B4A-11D0-8D11-00A0C91BC942}") = "problem14840", "problem14840\problem14840.vcxproj", "{96330A65-8DC0-4D7E-9D60-265C64CA0045}"
EndProject
Project("{8BC9CEB8-8B4A-11D0-8D11-00A0C91BC942}") = "problem20660", "problem20660\problem20660.vcxproj", "{A1DD7638-9435-4E73-8742-C3AB0136FCC4}"
EndProject
Project("{8BC9CEB8-8B4A-11D0-8D11-00A0C91BC942}") = "test", "test\test.vcxproj", "{F548CC66-B98C-419F-AAB1-072EF75FA080}"
EndProject
Project("{8BC9CEB8-8B4A-11D0-8D11-00A0C91BC942}") = "problem15029", "problem15029\problem15029.vcxproj", "{BD76F83F-503A-447D-B710-3356775AA0D1}"
EndProject
Project("{8BC9CEB8-8B4A-11D0-8D11-00A0C91BC942}") = "problem16589", "problem16589\problem16589.vcxproj", "{27865CA7-7BD8-4D75-B8F2-7A8A466E9E56}"
EndProject
Project("{8BC9CEB8-8B4A-11D0-8D11-00A0C91BC942}") = "problem16464", "problem16464\problem16464.vcxproj", "{4CBD2B41-77A6-40F7-9CDE-58C0E7C4E237}"
EndProject
Global
	GlobalSection(SolutionConfigurationPlatforms) = preSolution
		Debug|x64 = Debug|x64
		Debug|x86 = Debug|x86
		Release|x64 = Release|x64
		Release|x86 = Release|x86
	EndGlobalSection
	GlobalSection(ProjectConfigurationPlatforms) = postSolution
		{CEE71621-0C7D-4BE1-AFE6-897CDE7142FC}.Debug|x64.ActiveCfg = Debug|x64
		{CEE71621-0C7D-4BE1-AFE6-897CDE7142FC}.Debug|x64.Build.0 = Debug|x64
		{CEE71621-0C7D-4BE1-AFE6-897CDE7142FC}.Debug|x86.ActiveCfg = Debug|Win32
		{CEE71621-0C7D-4BE1-AFE6-897CDE7142FC}.Debug|x86.Build.0 = Debug|Win32
		{CEE71621-0C7D-4BE1-AFE6-897CDE7142FC}.Release|x64.ActiveCfg = Release|x64
		{CEE71621-0C7D-4BE1-AFE6-897CDE7142FC}.Release|x64.Build.0 = Release|x64
		{CEE71621-0C7D-4BE1-AFE6-897CDE7142FC}.Release|x86.ActiveCfg = Release|Win32
		{CEE71621-0C7D-4BE1-AFE6-897CDE7142FC}.Release|x86.Build.0 = Release|Win32
		{E87A3C27-0322-49C0-8C94-DCB4DEA398C9}.Debug|x64.ActiveCfg = Debug|x64
		{E87A3C27-0322-49C0-8C94-DCB4DEA398C9}.Debug|x64.Build.0 = Debug|x64
		{E87A3C27-0322-49C0-8C94-DCB4DEA398C9}.Debug|x86.ActiveCfg = Debug|Win32
		{E87A3C27-0322-49C0-8C94-DCB4DEA398C9}.Debug|x86.Build.0 = Debug|Win32
		{E87A3C27-0322-49C0-8C94-DCB4DEA398C9}.Release|x64.ActiveCfg = Release|x64
		{E87A3C27-0322-49C0-8C94-DCB4DEA398C9}.Release|x64.Build.0 = Release|x64
		{E87A3C27-0322-49C0-8C94-DCB4DEA398C9}.Release|x86.ActiveCfg = Release|Win32
		{E87A3C27-0322-49C0-8C94-DCB4DEA398C9}.Release|x86.Build.0 = Release|Win32
		{27B9E739-9F60-4E73-81F9-40BB5F43D5E4}.Debug|x64.ActiveCfg = Debug|x64
		{27B9E739-9F60-4E73-81F9-40BB5F43D5E4}.Debug|x64.Build.0 = Debug|x64
		{27B9E739-9F60-4E73-81F9-40BB5F43D5E4}.Debug|x86.ActiveCfg = Debug|Win32
		{27B9E739-9F60-4E73-81F9-40BB5F43D5E4}.Debug|x86.Build.0 = Debug|Win32
		{27B9E739-9F60-4E73-81F9-40BB5F43D5E4}.Release|x64.ActiveCfg = Release|x64
		{27B9E739-9F60-4E73-81F9-40BB5F43D5E4}.Release|x64.Build.0 = Release|x64
		{27B9E739-9F60-4E73-81F9-40BB5F43D5E4}.Release|x86.ActiveCfg = Release|Win32
		{27B9E739-9F60-4E73-81F9-40BB5F43D5E4}.Release|x86.Build.0 = Release|Win32
		{2AFDCD8A-F151-4FCA-8A4A-8E27849C6194}.Debug|x64.ActiveCfg = Debug|x64
		{2AFDCD8A-F151-4FCA-8A4A-8E27849C6194}.Debug|x64.Build.0 = Debug|x64
		{2AFDCD8A-F151-4FCA-8A4A-8E27849C6194}.Debug|x86.ActiveCfg = Debug|Win32
		{2AFDCD8A-F151-4FCA-8A4A-8E27849C6194}.Debug|x86.Build.0 = Debug|Win32
		{2AFDCD8A-F151-4FCA-8A4A-8E27849C6194}.Release|x64.ActiveCfg = Release|x64
		{2AFDCD8A-F151-4FCA-8A4A-8E27849C6194}.Release|x64.Build.0 = Release|x64
		{2AFDCD8A-F151-4FCA-8A4A-8E27849C6194}.Release|x86.ActiveCfg = Release|Win32
		{2AFDCD8A-F151-4FCA-8A4A-8E27849C6194}.Release|x86.Build.0 = Release|Win32
		{8BC9F298-5225-4992-B3FF-AEDC75126349}.Debug|x64.ActiveCfg = Debug|x64
		{8BC9F298-5225-4992-B3FF-AEDC75126349}.Debug|x64.Build.0 = Debug|x64
		{8BC9F298-5225-4992-B3FF-AEDC75126349}.Debug|x86.ActiveCfg = Debug|Win32
		{8BC9F298-5225-4992-B3FF-AEDC75126349}.Debug|x86.Build.0 = Debug|Win32
		{8BC9F298-5225-4992-B3FF-AEDC75126349}.Release|x64.ActiveCfg = Release|x64
		{8BC9F298-5225-4992-B3FF-AEDC75126349}.Release|x64.Build.0 = Release|x64
		{8BC9F298-5225-4992-B3FF-AEDC75126349}.Release|x86.ActiveCfg = Release|Win32
		{8BC9F298-5225-4992-B3FF-AEDC75126349}.Release|x86.Build.0 = Release|Win32
		{01DF2413-C658-4C24-BE08-431209548615}.Debug|x64.ActiveCfg = Debug|x64
		{01DF2413-C658-4C24-BE08-431209548615}.Debug|x64.Build.0 = Debug|x64
		{01DF2413-C658-4C24-BE08-431209548615}.Debug|x86.ActiveCfg = Debug|Win32
		{01DF2413-C658-4C24-BE08-431209548615}.Debug|x86.Build.0 = Debug|Win32
		{01DF2413-C658-4C24-BE08-431209548615}.Release|x64.ActiveCfg = Release|x64
		{01DF2413-C658-4C24-BE08-431209548615}.Release|x64.Build.0 = Release|x64
		{01DF2413-C658-4C24-BE08-431209548615}.Release|x86.ActiveCfg = Release|Win32
		{01DF2413-C658-4C24-BE08-431209548615}.Release|x86.Build.0 = Release|Win32
		{8524CB9B-AB55-48D1-8D25-8A70AD862F64}.Debug|x64.ActiveCfg = Debug|x64
		{8524CB9B-AB55-48D1-8D25-8A70AD862F64}.Debug|x64.Build.0 = Debug|x64
		{8524CB9B-AB55-48D1-8D25-8A70AD862F64}.Debug|x86.ActiveCfg = Debug|Win32
		{8524CB9B-AB55-48D1-8D25-8A70AD862F64}.Debug|x86.Build.0 = Debug|Win32
		{8524CB9B-AB55-48D1-8D25-8A70AD862F64}.Release|x64.ActiveCfg = Release|x64
		{8524CB9B-AB55-48D1-8D25-8A70AD862F64}.Release|x64.Build.0 = Release|x64
		{8524CB9B-AB55-48D1-8D25-8A70AD862F64}.Release|x86.ActiveCfg = Release|Win32
		{8524CB9B-AB55-48D1-8D25-8A70AD862F64}.Release|x86.Build.0 = Release|Win32
		{16B819C2-ECEF-471C-96E2-C20252154B37}.Debug|x64.ActiveCfg = Debug|x64
		{16B819C2-ECEF-471C-96E2-C20252154B37}.Debug|x64.Build.0 = Debug|x64
		{16B819C2-ECEF-471C-96E2-C20252154B37}.Debug|x86.ActiveCfg = Debug|Win32
		{16B819C2-ECEF-471C-96E2-C20252154B37}.Debug|x86.Build.0 = Debug|Win32
		{16B819C2-ECEF-471C-96E2-C20252154B37}.Release|x64.ActiveCfg = Release|x64
		{16B819C2-ECEF-471C-96E2-C20252154B37}.Release|x64.Build.0 = Release|x64
		{16B819C2-ECEF-471C-96E2-C20252154B37}.Release|x86.ActiveCfg = Release|Win32
		{16B819C2-ECEF-471C-96E2-C20252154B37}.Release|x86.Build.0 = Release|Win32
		{D2F5CAA2-0D9E-47EF-B073-C8A29AFCC26D}.Debug|x64.ActiveCfg = Debug|x64
		{D2F5CAA2-0D9E-47EF-B073-C8A29AFCC26D}.Debug|x64.Build.0 = Debug|x64
		{D2F5CAA2-0D9E-47EF-B073-C8A29AFCC26D}.Debug|x86.ActiveCfg = Debug|Win32
		{D2F5CAA2-0D9E-47EF-B073-C8A29AFCC26D}.Debug|x86.Build.0 = Debug|Win32
		{D2F5CAA2-0D9E-47EF-B073-C8A29AFCC26D}.Release|x64.ActiveCfg = Release|x64
		{D2F5CAA2-0D9E-47EF-B073-C8A29AFCC26D}.Release|x64.Build.0 = Release|x64
		{D2F5CAA2-0D9E-47EF-B073-C8A29AFCC26D}.Release|x86.ActiveCfg = Release|Win32
		{D2F5CAA2-0D9E-47EF-B073-C8A29AFCC26D}.Release|x86.Build.0 = Release|Win32
		{07385913-F4C9-4992-922E-6D24FE0CA06B}.Debug|x64.ActiveCfg = Debug|x64
		{07385913-F4C9-4992-922E-6D24FE0CA06B}.Debug|x64.Build.0 = Debug|x64
		{07385913-F4C9-4992-922E-6D24FE0CA06B}.Debug|x86.ActiveCfg = Debug|Win32
		{07385913-F4C9-4992-922E-6D24FE0CA06B}.Debug|x86.Build.0 = Debug|Win32
		{07385913-F4C9-4992-922E-6D24FE0CA06B}.Release|x64.ActiveCfg = Release|x64
		{07385913-F4C9-4992-922E-6D24FE0CA06B}.Release|x64.Build.0 = Release|x64
		{07385913-F4C9-4992-922E-6D24FE0CA06B}.Release|x86.ActiveCfg = Release|Win32
		{07385913-F4C9-4992-922E-6D24FE0CA06B}.Release|x86.Build.0 = Release|Win32
		{E80385EC-673B-4553-B392-04D65FAAA975}.Debug|x64.ActiveCfg = Debug|x64
		{E80385EC-673B-4553-B392-04D65FAAA975}.Debug|x64.Build.0 = Debug|x64
		{E80385EC-673B-4553-B392-04D65FAAA975}.Debug|x86.ActiveCfg = Debug|Win32
		{E80385EC-673B-4553-B392-04D65FAAA975}.Debug|x86.Build.0 = Debug|Win32
		{E80385EC-673B-4553-B392-04D65FAAA975}.Release|x64.ActiveCfg = Release|x64
		{E80385EC-673B-4553-B392-04D65FAAA975}.Release|x64.Build.0 = Release|x64
		{E80385EC-673B-4553-B392-04D65FAAA975}.Release|x86.ActiveCfg = Release|Win32
		{E80385EC-673B-4553-B392-04D65FAAA975}.Release|x86.Build.0 = Release|Win32
		{A9404941-84B1-4F00-9C71-4063E67A30D2}.Debug|x64.ActiveCfg = Debug|x64
		{A9404941-84B1-4F00-9C71-4063E67A30D2}.Debug|x64.Build.0 = Debug|x64
		{A9404941-84B1-4F00-9C71-4063E67A30D2}.Debug|x86.ActiveCfg = Debug|Win32
		{A9404941-84B1-4F00-9C71-4063E67A30D2}.Debug|x86.Build.0 = Debug|Win32
		{A9404941-84B1-4F00-9C71-4063E67A30D2}.Release|x64.ActiveCfg = Release|x64
		{A9404941-84B1-4F00-9C71-4063E67A30D2}.Release|x64.Build.0 = Release|x64
		{A9404941-84B1-4F00-9C71-4063E67A30D2}.Release|x86.ActiveCfg = Release|Win32
		{A9404941-84B1-4F00-9C71-4063E67A30D2}.Release|x86.Build.0 = Release|Win32
		{96330A65-8DC0-4D7E-9D60-265C64CA0045}.Debug|x64.ActiveCfg = Debug|x64
		{96330A65-8DC0-4D7E-9D60-265C64CA0045}.Debug|x64.Build.0 = Debug|x64
		{96330A65-8DC0-4D7E-9D60-265C64CA0045}.Debug|x86.ActiveCfg = Debug|Win32
		{96330A65-8DC0-4D7E-9D60-265C64CA0045}.Debug|x86.Build.0 = Debug|Win32
		{96330A65-8DC0-4D7E-9D60-265C64CA0045}.Release|x64.ActiveCfg = Release|x64
		{96330A65-8DC0-4D7E-9D60-265C64CA0045}.Release|x64.Build.0 = Release|x64
		{96330A65-8DC0-4D7E-9D60-265C64CA0045}.Release|x86.ActiveCfg = Release|Win32
		{96330A65-8DC0-4D7E-9D60-265C64CA0045}.Release|x86.Build.0 = Release|Win32
		{A1DD7638-9435-4E73-8742-C3AB0136FCC4}.Debug|x64.ActiveCfg = Debug|x64
		{A1DD7638-9435-4E73-8742-C3AB0136FCC4}.Debug|x64.Build.0 = Debug|x64
		{A1DD7638-9435-4E73-8742-C3AB0136FCC4}.Debug|x86.ActiveCfg = Debug|Win32
		{A1DD7638-9435-4E73-8742-C3AB0136FCC4}.Debug|x86.Build.0 = Debug|Win32
		{A1DD7638-9435-4E73-8742-C3AB0136FCC4}.Release|x64.ActiveCfg = Release|x64
		{A1DD7638-9435-4E73-8742-C3AB0136FCC4}.Release|x64.Build.0 = Release|x64
		{A1DD7638-9435-4E73-8742-C3AB0136FCC4}.Release|x86.ActiveCfg = Release|Win32
		{A1DD7638-9435-4E73-8742-C3AB0136FCC4}.Release|x86.Build.0 = Release|Win32
		{F548CC66-B98C-419F-AAB1-072EF75FA080}.Debug|x64.ActiveCfg = Debug|x64
		{F548CC66-B98C-419F-AAB1-072EF75FA080}.Debug|x64.Build.0 = Debug|x64
		{F548CC66-B98C-419F-AAB1-072EF75FA080}.Debug|x86.ActiveCfg = Debug|Win32
		{F548CC66-B98C-419F-AAB1-072EF75FA080}.Debug|x86.Build.0 = Debug|Win32
		{F548CC66-B98C-419F-AAB1-072EF75FA080}.Release|x64.ActiveCfg = Release|x64
		{F548CC66-B98C-419F-AAB1-072EF75FA080}.Release|x64.Build.0 = Release|x64
		{F548CC66-B98C-419F-AAB1-072EF75FA080}.Release|x86.ActiveCfg = Release|Win32
		{F548CC66-B98C-419F-AAB1-072EF75FA080}.Release|x86.Build.0 = Release|Win32
		{BD76F83F-503A-447D-B710-3356775AA0D1}.Debug|x64.ActiveCfg = Debug|x64
		{BD76F83F-503A-447D-B710-3356775AA0D1}.Debug|x64.Build.0 = Debug|x64
		{BD76F83F-503A-447D-B710-3356775AA0D1}.Debug|x86.ActiveCfg = Debug|Win32
		{BD76F83F-503A-447D-B710-3356775AA0D1}.Debug|x86.Build.0 = Debug|Win32
		{BD76F83F-503A-447D-B710-3356775AA0D1}.Release|x64.ActiveCfg = Release|x64
		{BD76F83F-503A-447D-B710-3356775AA0D1}.Release|x64.Build.0 = Release|x64
		{BD76F83F-503A-447D-B710-3356775AA0D1}.Release|x86.ActiveCfg = Release|Win32
		{BD76F83F-503A-447D-B710-3356775AA0D1}.Release|x86.Build.0 = Release|Win32
		{27865CA7-7BD8-4D75-B8F2-7A8A466E9E56}.Debug|x64.ActiveCfg = Debug|x64
		{27865CA7-7BD8-4D75-B8F2-7A8A466E9E56}.Debug|x64.Build.0 = Debug|x64
		{27865CA7-7BD8-4D75-B8F2-7A8A466E9E56}.Debug|x86.ActiveCfg = Debug|Win32
		{27865CA7-7BD8-4D75-B8F2-7A8A466E9E56}.Debug|x86.Build.0 = Debug|Win32
		{27865CA7-7BD8-4D75-B8F2-7A8A466E9E56}.Release|x64.ActiveCfg = Release|x64
		{27865CA7-7BD8-4D75-B8F2-7A8A466E9E56}.Release|x64.Build.0 = Release|x64
		{27865CA7-7BD8-4D75-B8F2-7A8A466E9E56}.Release|x86.ActiveCfg = Release|Win32
		{27865CA7-7BD8-4D75-B8F2-7A8A466E9E56}.Release|x86.Build.0 = Release|Win32
		{4CBD2B41-77A6-40F7-9CDE-58C0E7C4E237}.Debug|x64.ActiveCfg = Debug|x64
		{4CBD2B41-77A6-40F7-9CDE-58C0E7C4E237}.Debug|x64.Build.0 = Debug|x64
		{4CBD2B41-77A6-40F7-9CDE-58C0E7C4E237}.Debug|x86.ActiveCfg = Debug|Win32
		{4CBD2B41-77A6-40F7-9CDE-58C0E7C4E237}.Debug|x86.Build.0 = Debug|Win32
		{4CBD2B41-77A6-40F7-9CDE-58C0E7C4E237}.Release|x64.ActiveCfg = Release|x64
		{4CBD2B41-77A6-40F7-9CDE-58C0E7C4E237}.Release|x64.Build.0 = Release|x64
		{4CBD2B41-77A6-40F7-9CDE-58C0E7C4E237}.Release|x86.ActiveCfg = Release|Win32
		{4CBD2B41-77A6-40F7-9CDE-58C0E7C4E237}.Release|x86.Build.0 = Release|Win32
	EndGlobalSection
	GlobalSection(SolutionProperties) = preSolution
		HideSolutionNode = FALSE
	EndGlobalSection
	GlobalSection(ExtensibilityGlobals) = postSolution
		SolutionGuid = {2C1ACD8C-69A5-4D46-AA9F-7732AB057461}
	EndGlobalSection
EndGlobal
